
Microsoft Visual Studio Solution File, Format Version 12.00
# Visual Studio 15
Project("{FAE04EC0-301F-11D3-BF4B-00C04F79EFBC}") = "ReceiveLogs", "ReceiveLogs\ReceiveLogs.csproj", "{B85171D9-2F1F-45B2-8CB8-2C9A7924EA4E}"
EndProject
Global
	GlobalSection(SolutionConfigurationPlatforms) = preSolution
		Debug|Any CPU = Debug|Any CPU
		Release|Any CPU = Release|Any CPU
	EndGlobalSection
	GlobalSection(ProjectConfigurationPlatforms) = postSolution
		{B85171D9-2F1F-45B2-8CB8-2C9A7924EA4E}.Debug|Any CPU.ActiveCfg = Debug|Any CPU
		{B85171D9-2F1F-45B2-8CB8-2C9A7924EA4E}.Debug|Any CPU.Build.0 = Debug|Any CPU
		{B85171D9-2F1F-45B2-8CB8-2C9A7924EA4E}.Release|Any CPU.ActiveCfg = Release|Any CPU
		{B85171D9-2F1F-45B2-8CB8-2C9A7924EA4E}.Release|Any CPU.Build.0 = Release|Any CPU
	EndGlobalSection
EndGlobal
